Microsoft Visual Studio Solution File, Format Version 12.00
# Visual Studio Version 17
VisualStudioVersion = 17.13.35828.75
MinimumVisualStudioVersion = 10.0.40219.1
Project("{FAE04EC0-301F-11D3-BF4B-00C04F79EFBC}") = "CanadaPayrollService", "CanadaPayrollService\CanadaPayrollService.csproj", "{63B60C86-8819-4783-B40F-CD5D3D5F7FCB}"
EndProject
Project("{E53339B2-1760-4266-BCC7-CA923CBCF16C}") = "docker-compose", "docker-compose.dcproj", "{81DDED9D-158B-E303-5F62-77A2896D2A5A}"
EndProject
Project("{FAE04EC0-301F-11D3-BF4B-00C04F79EFBC}") = "APIGateway", "APIGateway\APIGateway.csproj", "{314C3FEB-7023-472D-ACD0-182C6AA9883B}"
EndProject
Global
	GlobalSection(SolutionConfigurationPlatforms) = preSolution
		Debug|Any CPU = Debug|Any CPU
		Release|Any CPU = Release|Any CPU
	EndGlobalSection
	GlobalSection(ProjectConfigurationPlatforms) = postSolution
		{63B60C86-8819-4783-B40F-CD5D3D5F7FCB}.Debug|Any CPU.ActiveCfg = Debug|Any CPU
		{63B60C86-8819-4783-B40F-CD5D3D5F7FCB}.Debug|Any CPU.Build.0 = Debug|Any CPU
		{63B60C86-8819-4783-B40F-CD5D3D5F7FCB}.Release|Any CPU.ActiveCfg = Release|Any CPU
		{63B60C86-8819-4783-B40F-CD5D3D5F7FCB}.Release|Any CPU.Build.0 = Release|Any CPU
		{81DDED9D-158B-E303-5F62-77A2896D2A5A}.Debug|Any CPU.ActiveCfg = Debug|Any CPU
		{81DDED9D-158B-E303-5F62-77A2896D2A5A}.Debug|Any CPU.Build.0 = Debug|Any CPU
		{81DDED9D-158B-E303-5F62-77A2896D2A5A}.Release|Any CPU.ActiveCfg = Release|Any CPU
		{81DDED9D-158B-E303-5F62-77A2896D2A5A}.Release|Any CPU.Build.0 = Release|Any CPU
		{314C3FEB-7023-472D-ACD0-182C6AA9883B}.Debug|Any CPU.ActiveCfg = Debug|Any CPU
		{314C3FEB-7023-472D-ACD0-182C6AA9883B}.Debug|Any CPU.Build.0 = Debug|Any CPU
		{314C3FEB-7023-472D-ACD0-182C6AA9883B}.Release|Any CPU.ActiveCfg = Release|Any CPU
		{314C3FEB-7023-472D-ACD0-182C6AA9883B}.Release|Any CPU.Build.0 = Release|Any CPU
	EndGlobalSection
	GlobalSection(SolutionProperties) = preSolution
		HideSolutionNode = FALSE
	EndGlobalSection
	GlobalSection(ExtensibilityGlobals) = postSolution
		SolutionGuid = {5BF24930-87BD-469A-BEC2-2D2F16EFF2A5}
	EndGlobalSection
EndGlobal
